github.com/MehdiEidi/gods v0.0.0-20220401174415-3dfd793586c7 h1:En7Gl0DIqWtKCTPflw3PEtepYp4tj2mg8TXE9QwOJ2c=
github.com/MehdiEidi/gods v0.0.0-20220401174415-3dfd793586c7/go.mod h1:G0MrKFOW25fGL9YlXMzLRSUgJMy7eFU76q1XcCaOXR8=
github.com/google/uuid v1.3.0 h1:t6JiXgmwXMjEs8VusXIJk2BXHsn+wx8BZdTaoZ5fu7I=
github.com/google/uuid v1.3.0/go.mod h1:TIyPZe4MgqvfeYDBFedMoGGpEw/LqOeaOT+nhxU+yHo=
